// !$*UTF8*$!
{
	archiveVersion = 1;
	classes = {
	};
	objectVersion = 50;
	objects = {

/* Begin PBXBuildFile section */
		6997A5C32611F661001756E1 /* WeatherSearchApp.swift in Sources */ = {isa = PBXBuildFile; fileRef = 6997A5C22611F661001756E1 /* WeatherSearchApp.swift */; };
		6997A5C52611F661001756E1 /* ContentView.swift in Sources */ = {isa = PBXBuildFile; fileRef = 6997A5C42611F661001756E1 /* ContentView.swift */; };
		6997A5C72611F663001756E1 /* Assets.xcassets in Resources */ = {isa = PBXBuildFile; fileRef = 6997A5C62611F663001756E1 /* Assets.xcassets */; };
		6997A5CA2611F663001756E1 /* Preview Assets.xcassets in Resources */ = {isa = PBXBuildFile; fileRef = 6997A5C92611F663001756E1 /* Preview Assets.xcassets */; };
		6997A5D52611F663001756E1 /* WeatherSearchTests.swift in Sources */ = {isa = PBXBuildFile; fileRef = 6997A5D42611F663001756E1 /* WeatherSearchTests.swift */; };
		6997A5E02611F663001756E1 /* WeatherSearchUITests.swift in Sources */ = {isa = PBXBuildFile; fileRef = 6997A5DF2611F663001756E1 /* WeatherSearchUITests.swift */; };
/* End PBXBuildFile section */

/* Begin PBXContainerItemProxy section */
		6997A5D12611F663001756E1 /* PBXContainerItemProxy */ = {
			isa = PBXContainerItemProxy;
			containerPortal = 6997A5B72611F661001756E1 /* Project object */;
			proxyType = 1;
			remoteGlobalIDString = 6997A5BE2611F661001756E1;
			remoteInfo = WeatherSearch;
		};
		6997A5DC2611F663001756E1 /* PBXContainerItemProxy */ = {
			isa = PBXContainerItemProxy;
			containerPortal = 6997A5B72611F661001756E1 /* Project object */;
			proxyType = 1;
			remoteGlobalIDString = 6997A5BE2611F661001756E1;
			remoteInfo = WeatherSearch;
		};
/* End PBXContainerItemProxy section */

/* Begin PBXFileReference section */
		6997A5BF2611F661001756E1 /* WeatherSearch.app */ = {isa = PBXFileReference; explicitFileType = wrapper.application; includeInIndex = 0; path = WeatherSearch.app; sourceTree = BUILT_PRODUCTS_DIR; };
		6997A5C22611F661001756E1 /* WeatherSearchApp.swift */ = {isa = PBXFileReference; lastKnownFileType = sourcecode.swift; path = WeatherSearchApp.swift; sourceTree = "<group>"; };
		6997A5C42611F661001756E1 /* ContentView.swift */ = {isa = PBXFileReference; lastKnownFileType = sourcecode.swift; path = ContentView.swift; sourceTree = "<group>"; };
		6997A5C62611F663001756E1 /* Assets.xcassets */ = {isa = PBXFileReference; lastKnownFileType = folder.assetcatalog; path = Assets.xcassets; sourceTree = "<group>"; };
		6997A5C92611F663001756E1 /* Preview Assets.xcassets */ = {isa = PBXFileReference; lastKnownFileType = folder.assetcatalog; path = "Preview Assets.xcassets"; sourceTree = "<group>"; };
		6997A5CB2611F663001756E1 /* Info.plist */ = {isa = PBXFileReference; lastKnownFileType = text.plist.xml; path = Info.plist; sourceTree = "<group>"; };
		6997A5D02611F663001756E1 /* WeatherSearchTests.xctest */ = {isa = PBXFileReference; explicitFileType = wrapper.cfbundle; includeInIndex = 0; path = WeatherSearchTests.xctest; sourceTree = BUILT_PRODUCTS_DIR; };
		6997A5D42611F663001756E1 /* WeatherSearchTests.swift */ = {isa = PBXFileReference; lastKnownFileType = sourcecode.swift; path = WeatherSearchTests.swift; sourceTree = "<group>"; };
		6997A5D62611F663001756E1 /* Info.plist */ = {isa = PBXFileReference; lastKnownFileType = text.plist.xml; path = Info.plist; sourceTree = "<group>"; };
		6997A5DB2611F663001756E1 /* WeatherSearchUITests.xctest */ = {isa = PBXFileReference; explicitFileType = wrapper.cfbundle; includeInIndex = 0; path = WeatherSearchUITests.xctest; sourceTree = BUILT_PRODUCTS_DIR; };
		6997A5DF2611F663001756E1 /* WeatherSearchUITests.swift */ = {isa = PBXFileReference; lastKnownFileType = sourcecode.swift; path = WeatherSearchUITests.swift; sourceTree = "<group>"; };
		6997A5E12611F663001756E1 /* Info.plist */ = {isa = PBXFileReference; lastKnownFileType = text.plist.xml; path = Info.plist; sourceTree = "<group>"; };
/* End PBXFileReference section */

/* Begin PBXFrameworksBuildPhase section */
		6997A5BC2611F661001756E1 /* Frameworks */ = {
			isa = PBXFrameworksBuildPhase;
			buildActionMask = 2147483647;
			files = (
			);
			runOnlyForDeploymentPostprocessing = 0;
		};
		6997A5CD2611F663001756E1 /* Frameworks */ = {
			isa = PBXFrameworksBuildPhase;
			buildActionMask = 2147483647;
			files = (
			);
			runOnlyForDeploymentPostprocessing = 0;
		};
		6997A5D82611F663001756E1 /* Frameworks */ = {
			isa = PBXFrameworksBuildPhase;
			buildActionMask = 2147483647;
			files = (
			);
			runOnlyForDeploymentPostprocessing = 0;
		};
/* End PBXFrameworksBuildPhase section */

/* Begin PBXGroup section */
		6997A5B62611F661001756E1 = {
			isa = PBXGroup;
			children = (
				6997A5C12611F661001756E1 /* WeatherSearch */,
				6997A5D32611F663001756E1 /* WeatherSearchTests */,
				6997A5DE2611F663001756E1 /* WeatherSearchUITests */,
				6997A5C02611F661001756E1 /* Products */,
			);
			sourceTree = "<group>";
		};
		6997A5C02611F661001756E1 /* Products */ = {
			isa = PBXGroup;
			children = (
				6997A5BF2611F661001756E1 /* WeatherSearch.app */,
				6997A5D02611F663001756E1 /* WeatherSearchTests.xctest */,
				6997A5DB2611F663001756E1 /* WeatherSearchUITests.xctest */,
			);
			name = Products;
			sourceTree = "<group>";
		};
		6997A5C12611F661001756E1 /* WeatherSearch */ = {
			isa = PBXGroup;
			children = (
				6997A5C22611F661001756E1 /* WeatherSearchApp.swift */,
				6997A5C42611F661001756E1 /* ContentView.swift */,
				6997A5C62611F663001756E1 /* Assets.xcassets */,
				6997A5CB2611F663001756E1 /* Info.plist */,
				6997A5C82611F663001756E1 /* Preview Content */,
			);
			path = WeatherSearch;
			sourceTree = "<group>";
		};
		6997A5C82611F663001756E1 /* Preview Content */ = {
			isa = PBXGroup;
			children = (
				6997A5C92611F663001756E1 /* Preview Assets.xcassets */,
			);
			path = "Preview Content";
			sourceTree = "<group>";
		};
		6997A5D32611F663001756E1 /* WeatherSearchTests */ = {
			isa = PBXGroup;
			children = (
				6997A5D42611F663001756E1 /* WeatherSearchTests.swift */,
				6997A5D62611F663001756E1 /* Info.plist */,
			);
			path = WeatherSearchTests;
			sourceTree = "<group>";
		};
		6997A5DE2611F663001756E1 /* WeatherSearchUITests */ = {
			isa = PBXGroup;
			children = (
				6997A5DF2611F663001756E1 /* WeatherSearchUITests.swift */,
				6997A5E12611F663001756E1 /* Info.plist */,
			);
			path = WeatherSearchUITests;
			sourceTree = "<group>";
		};
/* End PBXGroup section */

/* Begin PBXNativeTarget section */
		6997A5BE2611F661001756E1 /* WeatherSearch */ = {
			isa = PBXNativeTarget;
			buildConfigurationList = 6997A5E42611F663001756E1 /* Build configuration list for PBXNativeTarget "WeatherSearch" */;
			buildPhases = (
				6997A5BB2611F661001756E1 /* Sources */,
				6997A5BC2611F661001756E1 /* Frameworks */,
				6997A5BD2611F661001756E1 /* Resources */,
			);
			buildRules = (
			);
			dependencies = (
			);
			name = WeatherSearch;
			productName = WeatherSearch;
			productReference = 6997A5BF2611F661001756E1 /* WeatherSearch.app */;
			productType = "com.apple.product-type.application";
		};
		6997A5CF2611F663001756E1 /* WeatherSearchTests */ = {
			isa = PBXNativeTarget;
			buildConfigurationList = 6997A5E72611F663001756E1 /* Build configuration list for PBXNativeTarget "WeatherSearchTests" */;
			buildPhases = (
				6997A5CC2611F663001756E1 /* Sources */,
				6997A5CD2611F663001756E1 /* Frameworks */,
				6997A5CE2611F663001756E1 /* Resources */,
			);
			buildRules = (
			);
			dependencies = (
				6997A5D22611F663001756E1 /* PBXTargetDependency */,
			);
			name = WeatherSearchTests;
			productName = WeatherSearchTests;
			productReference = 6997A5D02611F663001756E1 /* WeatherSearchTests.xctest */;
			productType = "com.apple.product-type.bundle.unit-test";
		};
		6997A5DA2611F663001756E1 /* WeatherSearchUITests */ = {
			isa = PBXNativeTarget;
			buildConfigurationList = 6997A5EA2611F663001756E1 /* Build configuration list for PBXNativeTarget "WeatherSearchUITests" */;
			buildPhases = (
				6997A5D72611F663001756E1 /* Sources */,
				6997A5D82611F663001756E1 /* Frameworks */,
				6997A5D92611F663001756E1 /* Resources */,
			);
			buildRules = (
			);
			dependencies = (
				6997A5DD2611F663001756E1 /* PBXTargetDependency */,
			);
			name = WeatherSearchUITests;
			productName = WeatherSearchUITests;
			productReference = 6997A5DB2611F663001756E1 /* WeatherSearchUITests.xctest */;
			productType = "com.apple.product-type.bundle.ui-testing";
		};
/* End PBXNativeTarget section */

/* Begin PBXProject section */
		6997A5B72611F661001756E1 /* Project object */ = {
			isa = PBXProject;
			attributes = {
				LastSwiftUpdateCheck = 1240;
				LastUpgradeCheck = 1240;
				TargetAttributes = {
					6997A5BE2611F661001756E1 = {
						CreatedOnToolsVersion = 12.4;
					};
					6997A5CF2611F663001756E1 = {
						CreatedOnToolsVersion = 12.4;
						TestTargetID = 6997A5BE2611F661001756E1;
					};
					6997A5DA2611F663001756E1 = {
						CreatedOnToolsVersion = 12.4;
						TestTargetID = 6997A5BE2611F661001756E1;
					};
				};
			};
			buildConfigurationList = 6997A5BA2611F661001756E1 /* Build configuration list for PBXProject "WeatherSearch" */;
			compatibilityVersion = "Xcode 9.3";
			developmentRegion = en;
			hasScannedForEncodings = 0;
			knownRegions = (
				en,
				Base,
			);
			mainGroup = 6997A5B62611F661001756E1;
			productRefGroup = 6997A5C02611F661001756E1 /* Products */;
			projectDirPath = "";
			projectRoot = "";
			targets = (
				6997A5BE2611F661001756E1 /* WeatherSearch */,
				6997A5CF2611F663001756E1 /* WeatherSearchTests */,
				6997A5DA2611F663001756E1 /* WeatherSearchUITests */,
			);
		};
/* End PBXProject section */

/* Begin PBXResourcesBuildPhase section */
		6997A5BD2611F661001756E1 /* Resources */ = {
			isa = PBXResourcesBuildPhase;
			buildActionMask = 2147483647;
			files = (
				6997A5CA2611F663001756E1 /* Preview Assets.xcassets in Resources */,
				6997A5C72611F663001756E1 /* Assets.xcassets in Resources */,
			);
			runOnlyForDeploymentPostprocessing = 0;
		};
		6997A5CE2611F663001756E1 /* Resources */ = {
			isa = PBXResourcesBuildPhase;
			buildActionMask = 2147483647;
			files = (
			);
			runOnlyForDeploymentPostprocessing = 0;
		};
		6997A5D92611F663001756E1 /* Resources */ = {
			isa = PBXResourcesBuildPhase;
			buildActionMask = 2147483647;
			files = (
			);
			runOnlyForDeploymentPostprocessing = 0;
		};
/* End PBXResourcesBuildPhase section */

/* Begin PBXSourcesBuildPhase section */
		6997A5BB2611F661001756E1 /* Sources */ = {
			isa = PBXSourcesBuildPhase;
			buildActionMask = 2147483647;
			files = (
				6997A5C52611F661001756E1 /* ContentView.swift in Sources */,
				6997A5C32611F661001756E1 /* WeatherSearchApp.swift in Sources */,
			);
			runOnlyForDeploymentPostprocessing = 0;
		};
		6997A5CC2611F663001756E1 /* Sources */ = {
			isa = PBXSourcesBuildPhase;
			buildActionMask = 2147483647;
			files = (
				6997A5D52611F663001756E1 /* WeatherSearchTests.swift in Sources */,
			);
			runOnlyForDeploymentPostprocessing = 0;
		};
		6997A5D72611F663001756E1 /* Sources */ = {
			isa = PBXSourcesBuildPhase;
			buildActionMask = 2147483647;
			files = (
				6997A5E02611F663001756E1 /* WeatherSearchUITests.swift in Sources */,
			);
			runOnlyForDeploymentPostprocessing = 0;
		};
/* End PBXSourcesBuildPhase section */

/* Begin PBXTargetDependency section */
		6997A5D22611F663001756E1 /* PBXTargetDependency */ = {
			isa = PBXTargetDependency;
			target = 6997A5BE2611F661001756E1 /* WeatherSearch */;
			targetProxy = 6997A5D12611F663001756E1 /* PBXContainerItemProxy */;
		};
		6997A5DD2611F663001756E1 /* PBXTargetDependency */ = {
			isa = PBXTargetDependency;
			target = 6997A5BE2611F661001756E1 /* WeatherSearch */;
			targetProxy = 6997A5DC2611F663001756E1 /* PBXContainerItemProxy */;
		};
/* End PBXTargetDependency section */

/* Begin XCBuildConfiguration section */
		6997A5E22611F663001756E1 /* Debug */ = {
			isa = XCBuildConfiguration;
			buildSettings = {
				ALWAYS_SEARCH_USER_PATHS = NO;
				CLANG_ANALYZER_NONNULL = YES;
				CLANG_ANALYZER_NUMBER_OBJECT_CONVERSION = YES_AGGRESSIVE;
				CLANG_CXX_LANGUAGE_STANDARD = "gnu++14";
				CLANG_CXX_LIBRARY = "libc++";
				CLANG_ENABLE_MODULES = YES;
				CLANG_ENABLE_OBJC_ARC = YES;
				CLANG_ENABLE_OBJC_WEAK = YES;
				CLANG_WARN_BLOCK_CAPTURE_AUTORELEASING = YES;
				CLANG_WARN_BOOL_CONVERSION = YES;
				CLANG_WARN_COMMA = YES;
				CLANG_WARN_CONSTANT_CONVERSION = YES;
				CLANG_WARN_DEPRECATED_OBJC_IMPLEMENTATIONS = YES;
				CLANG_WARN_DIRECT_OBJC_ISA_USAGE = YES_ERROR;
				CLANG_WARN_DOCUMENTATION_COMMENTS = YES;
				CLANG_WARN_EMPTY_BODY = YES;
				CLANG_WARN_ENUM_CONVERSION = YES;
				CLANG_WARN_INFINITE_RECURSION = YES;
				CLANG_WARN_INT_CONVERSION = YES;
				CLANG_WARN_NON_LITERAL_NULL_CONVERSION = YES;
				CLANG_WARN_OBJC_IMPLICIT_RETAIN_SELF = YES;
				CLANG_WARN_OBJC_LITERAL_CONVERSION = YES;
				CLANG_WARN_OBJC_ROOT_CLASS = YES_ERROR;
				CLANG_WARN_QUOTED_INCLUDE_IN_FRAMEWORK_HEADER = YES;
				CLANG_WARN_RANGE_LOOP_ANALYSIS = YES;
				CLANG_WARN_STRICT_PROTOTYPES = YES;
				CLANG_WARN_SUSPICIOUS_MOVE = YES;
				CLANG_WARN_UNGUARDED_AVAILABILITY = YES_AGGRESSIVE;
				CLANG_WARN_UNREACHABLE_CODE = YES;
				CLANG_WARN__DUPLICATE_METHOD_MATCH = YES;
				COPY_PHASE_STRIP = NO;
				DEBUG_INFORMATION_FORMAT = dwarf;
				ENABLE_STRICT_OBJC_MSGSEND = YES;
				ENABLE_TESTABILITY = YES;
				GCC_C_LANGUAGE_STANDARD = gnu11;
				GCC_DYNAMIC_NO_PIC = NO;
				GCC_NO_COMMON_BLOCKS = YES;
				GCC_OPTIMIZATION_LEVEL = 0;
				GCC_PREPROCESSOR_DEFINITIONS = (
					"DEBUG=1",
					"$(inherited)",
				);
				GCC_WARN_64_TO_32_BIT_CONVERSION = YES;
				GCC_WARN_ABOUT_RETURN_TYPE = YES_ERROR;
				GCC_WARN_UNDECLARED_SELECTOR = YES;
				GCC_WARN_UNINITIALIZED_AUTOS = YES_AGGRESSIVE;
				GCC_WARN_UNUSED_FUNCTION = YES;
				GCC_WARN_UNUSED_VARIABLE = YES;
				IPHONEOS_DEPLOYMENT_TARGET = 14.4;
				MTL_ENABLE_DEBUG_INFO = INCLUDE_SOURCE;
				MTL_FAST_MATH = YES;
				ONLY_ACTIVE_ARCH = YES;
				SDKROOT = iphoneos;
				SWIFT_ACTIVE_COMPILATION_CONDITIONS = DEBUG;
				SWIFT_OPTIMIZATION_LEVEL = "-Onone";
			};
			name = Debug;
		};
		6997A5E32611F663001756E1 /* Release */ = {
			isa = XCBuildConfiguration;
			buildSettings = {
				ALWAYS_SEARCH_USER_PATHS = NO;
				CLANG_ANALYZER_NONNULL = YES;
				CLANG_ANALYZER_NUMBER_OBJECT_CONVERSION = YES_AGGRESSIVE;
				CLANG_CXX_LANGUAGE_STANDARD = "gnu++14";
				CLANG_CXX_LIBRARY = "libc++";
				CLANG_ENABLE_MODULES = YES;
				CLANG_ENABLE_OBJC_ARC = YES;
				CLANG_ENABLE_OBJC_WEAK = YES;
				CLANG_WARN_BLOCK_CAPTURE_AUTORELEASING = YES;
				CLANG_WARN_BOOL_CONVERSION = YES;
				CLANG_WARN_COMMA = YES;
				CLANG_WARN_CONSTANT_CONVERSION = YES;
				CLANG_WARN_DEPRECATED_OBJC_IMPLEMENTATIONS = YES;
				CLANG_WARN_DIRECT_OBJC_ISA_USAGE = YES_ERROR;
				CLANG_WARN_DOCUMENTATION_COMMENTS = YES;
				CLANG_WARN_EMPTY_BODY = YES;
				CLANG_WARN_ENUM_CONVERSION = YES;
				CLANG_WARN_INFINITE_RECURSION = YES;
				CLANG_WARN_INT_CONVERSION = YES;
				CLANG_WARN_NON_LITERAL_NULL_CONVERSION = YES;
				CLANG_WARN_OBJC_IMPLICIT_RETAIN_SELF = YES;
				CLANG_WARN_OBJC_LITERAL_CONVERSION = YES;
				CLANG_WARN_OBJC_ROOT_CLASS = YES_ERROR;
				CLANG_WARN_QUOTED_INCLUDE_IN_FRAMEWORK_HEADER = YES;
				CLANG_WARN_RANGE_LOOP_ANALYSIS = YES;
				CLANG_WARN_STRICT_PROTOTYPES = YES;
				CLANG_WARN_SUSPICIOUS_MOVE = YES;
				CLANG_WARN_UNGUARDED_AVAILABILITY = YES_AGGRESSIVE;
				CLANG_WARN_UNREACHABLE_CODE = YES;
				CLANG_WARN__DUPLICATE_METHOD_MATCH = YES;
				COPY_PHASE_STRIP = NO;
				DEBUG_INFORMATION_FORMAT = "dwarf-with-dsym";
				ENABLE_NS_ASSERTIONS = NO;
				ENABLE_STRICT_OBJC_MSGSEND = YES;
				GCC_C_LANGUAGE_STANDARD = gnu11;
				GCC_NO_COMMON_BLOCKS = YES;
				GCC_WARN_64_TO_32_BIT_CONVERSION = YES;
				GCC_WARN_ABOUT_RETURN_TYPE = YES_ERROR;
				GCC_WARN_UNDECLARED_SELECTOR = YES;
				GCC_WARN_UNINITIALIZED_AUTOS = YES_AGGRESSIVE;
				GCC_WARN_UNUSED_FUNCTION = YES;
				GCC_WARN_UNUSED_VARIABLE = YES;
				IPHONEOS_DEPLOYMENT_TARGET = 14.4;
				MTL_ENABLE_DEBUG_INFO = NO;
				MTL_FAST_MATH = YES;
				SDKROOT = iphoneos;
				SWIFT_COMPILATION_MODE = wholemodule;
				SWIFT_OPTIMIZATION_LEVEL = "-O";
				VALIDATE_PRODUCT = YES;
			};
			name = Release;
		};
		6997A5E52611F663001756E1 /* Debug */ = {
			isa = XCBuildConfiguration;
			buildSettings = {
				ASSETCATALOG_COMPILER_APPICON_NAME = AppIcon;
				ASSETCATALOG_COMPILER_GLOBAL_ACCENT_COLOR_NAME = AccentColor;
				CODE_SIGN_STYLE = Automatic;
				DEVELOPMENT_ASSET_PATHS = "\"WeatherSearch/Preview Content\"";
				DEVELOPMENT_TEAM = 2NUP76MX22;
				ENABLE_PREVIEWS = YES;
				INFOPLIST_FILE = WeatherSearch/Info.plist;
				IPHONEOS_DEPLOYMENT_TARGET = 14.0;
				LD_RUNPATH_SEARCH_PATHS = (
					"$(inherited)",
					"@executable_path/Frameworks",
				);
				PRODUCT_BUNDLE_IDENTIFIER = DeWitteConsulting.WeatherSearch;
				PRODUCT_NAME = "$(TARGET_NAME)";
				SWIFT_VERSION = 5.0;
				TARGETED_DEVICE_FAMILY = "1,2";
			};
			name = Debug;
		};
		6997A5E62611F663001756E1 /* Release */ = {
			isa = XCBuildConfiguration;
			buildSettings = {
				ASSETCATALOG_COMPILER_APPICON_NAME = AppIcon;
				ASSETCATALOG_COMPILER_GLOBAL_ACCENT_COLOR_NAME = AccentColor;
				CODE_SIGN_STYLE = Automatic;
				DEVELOPMENT_ASSET_PATHS = "\"WeatherSearch/Preview Content\"";
				DEVELOPMENT_TEAM = 2NUP76MX22;
				ENABLE_PREVIEWS = YES;
				INFOPLIST_FILE = WeatherSearch/Info.plist;
				IPHONEOS_DEPLOYMENT_TARGET = 14.0;
				LD_RUNPATH_SEARCH_PATHS = (
					"$(inherited)",
					"@executable_path/Frameworks",
				);
				PRODUCT_BUNDLE_IDENTIFIER = DeWitteConsulting.WeatherSearch;
				PRODUCT_NAME = "$(TARGET_NAME)";
				SWIFT_VERSION = 5.0;
				TARGETED_DEVICE_FAMILY = "1,2";
			};
			name = Release;
		};
		6997A5E82611F663001756E1 /* Debug */ = {
			isa = XCBuildConfiguration;
			buildSettings = {
				ALWAYS_EMBED_SWIFT_STANDARD_LIBRARIES = YES;
				BUNDLE_LOADER = "$(TEST_HOST)";
				CODE_SIGN_STYLE = Automatic;
				DEVELOPMENT_TEAM = 2NUP76MX22;
				INFOPLIST_FILE = WeatherSearchTests/Info.plist;
				IPHONEOS_DEPLOYMENT_TARGET = 14.0;
				LD_RUNPATH_SEARCH_PATHS = (
					"$(inherited)",
					"@executable_path/Frameworks",
					"@loader_path/Frameworks",
				);
				PRODUCT_BUNDLE_IDENTIFIER = DeWitteConsulting.WeatherSearchTests;
				PRODUCT_NAME = "$(TARGET_NAME)";
				SWIFT_VERSION = 5.0;
				TARGETED_DEVICE_FAMILY = "1,2";
				TEST_HOST = "$(BUILT_PRODUCTS_DIR)/WeatherSearch.app/WeatherSearch";
			};
			name = Debug;
		};
		6997A5E92611F663001756E1 /* Release */ = {
			isa = XCBuildConfiguration;
			buildSettings = {
				ALWAYS_EMBED_SWIFT_STANDARD_LIBRARIES = YES;
				BUNDLE_LOADER = "$(TEST_HOST)";
				CODE_SIGN_STYLE = Automatic;
				DEVELOPMENT_TEAM = 2NUP76MX22;
				INFOPLIST_FILE = WeatherSearchTests/Info.plist;
				IPHONEOS_DEPLOYMENT_TARGET = 14.0;
				LD_RUNPATH_SEARCH_PATHS = (
					"$(inherited)",
					"@executable_path/Frameworks",
					"@loader_path/Frameworks",
				);
				PRODUCT_BUNDLE_IDENTIFIER = DeWitteConsulting.WeatherSearchTests;
				PRODUCT_NAME = "$(TARGET_NAME)";
				SWIFT_VERSION = 5.0;
				TARGETED_DEVICE_FAMILY = "1,2";
				TEST_HOST = "$(BUILT_PRODUCTS_DIR)/WeatherSearch.app/WeatherSearch";
			};
			name = Release;
		};
		6997A5EB2611F663001756E1 /* Debug */ = {
			isa = XCBuildConfiguration;
			buildSettings = {
				ALWAYS_EMBED_SWIFT_STANDARD_LIBRARIES = YES;
				CODE_SIGN_STYLE = Automatic;
				DEVELOPMENT_TEAM = 2NUP76MX22;
				INFOPLIST_FILE = WeatherSearchUITests/Info.plist;
				LD_RUNPATH_SEARCH_PATHS = (
					"$(inherited)",
					"@executable_path/Frameworks",
					"@loader_path/Frameworks",
				);
				PRODUCT_BUNDLE_IDENTIFIER = DeWitteConsulting.WeatherSearchUITests;
				PRODUCT_NAME = "$(TARGET_NAME)";
				SWIFT_VERSION = 5.0;
				TARGETED_DEVICE_FAMILY = "1,2";
				TEST_TARGET_NAME = WeatherSearch;
			};
			name = Debug;
		};
		6997A5EC2611F663001756E1 /* Release */ = {
			isa = XCBuildConfiguration;
			buildSettings = {
				ALWAYS_EMBED_SWIFT_STANDARD_LIBRARIES = YES;
				CODE_SIGN_STYLE = Automatic;
				DEVELOPMENT_TEAM = 2NUP76MX22;
				INFOPLIST_FILE = WeatherSearchUITests/Info.plist;
				LD_RUNPATH_SEARCH_PATHS = (
					"$(inherited)",
					"@executable_path/Frameworks",
					"@loader_path/Frameworks",
				);
				PRODUCT_BUNDLE_IDENTIFIER = DeWitteConsulting.WeatherSearchUITests;
				PRODUCT_NAME = "$(TARGET_NAME)";
				SWIFT_VERSION = 5.0;
				TARGETED_DEVICE_FAMILY = "1,2";
				TEST_TARGET_NAME = WeatherSearch;
			};
			name = Release;
		};
/* End XCBuildConfiguration section */

/* Begin XCConfigurationList section */
		6997A5BA2611F661001756E1 /* Build configuration list for PBXProject "WeatherSearch" */ = {
			isa = XCConfigurationList;
			buildConfigurations = (
				6997A5E22611F663001756E1 /* Debug */,
				6997A5E32611F663001756E1 /* Release */,
			);
			defaultConfigurationIsVisible = 0;
			defaultConfigurationName = Release;
		};
		6997A5E42611F663001756E1 /* Build configuration list for PBXNativeTarget "WeatherSearch" */ = {
			isa = XCConfigurationList;
			buildConfigurations = (
				6997A5E52611F663001756E1 /* Debug */,
				6997A5E62611F663001756E1 /* Release */,
			);
			defaultConfigurationIsVisible = 0;
			defaultConfigurationName = Release;
		};
		6997A5E72611F663001756E1 /* Build configuration list for PBXNativeTarget "WeatherSearchTests" */ = {
			isa = XCConfigurationList;
			buildConfigurations = (
				6997A5E82611F663001756E1 /* Debug */,
				6997A5E92611F663001756E1 /* Release */,
			);
			defaultConfigurationIsVisible = 0;
			defaultConfigurationName = Release;
		};
		6997A5EA2611F663001756E1 /* Build configuration list for PBXNativeTarget "WeatherSearchUITests" */ = {
			isa = XCConfigurationList;
			buildConfigurations = (
				6997A5EB2611F663001756E1 /* Debug */,
				6997A5EC2611F663001756E1 /* Release */,
			);
			defaultConfigurationIsVisible = 0;
			defaultConfigurationName = Release;
		};
/* End XCConfigurationList section */
	};
	rootObject = 6997A5B72611F661001756E1 /* Project object */;
}
